
Microsoft Visual Studio Solution File, Format Version 12.00
# Visual Studio Version 17
VisualStudioVersion = 17.11.35327.3
MinimumVisualStudioVersion = 10.0.40219.1
Project("{FAE04EC0-301F-11D3-BF4B-00C04F79EFBC}") = "jescobarS1", "jescobarS1.csproj", "{4A825613-2BC3-4489-A820-977C5358B197}"
EndProject
Global
	GlobalSection(SolutionConfigurationPlatforms) = preSolution
		Debug|Any CPU = Debug|Any CPU
		Release|Any CPU = Release|Any CPU
	EndGlobalSection
	GlobalSection(ProjectConfigurationPlatforms) = postSolution
		{4A825613-2BC3-4489-A820-977C5358B197}.Debug|Any CPU.ActiveCfg = Debug|Any CPU
		{4A825613-2BC3-4489-A820-977C5358B197}.Debug|Any CPU.Build.0 = Debug|Any CPU
		{4A825613-2BC3-4489-A820-977C5358B197}.Debug|Any CPU.Deploy.0 = Debug|Any CPU
		{4A825613-2BC3-4489-A820-977C5358B197}.Release|Any CPU.ActiveCfg = Release|Any CPU
		{4A825613-2BC3-4489-A820-977C5358B197}.Release|Any CPU.Build.0 = Release|Any CPU
		{4A825613-2BC3-4489-A820-977C5358B197}.Release|Any CPU.Deploy.0 = Release|Any CPU
	EndGlobalSection
	GlobalSection(SolutionProperties) = preSolution
		HideSolutionNode = FALSE
	EndGlobalSection
	GlobalSection(ExtensibilityGlobals) = postSolution
		SolutionGuid = {77D74B88-E840-4F92-9F2A-3FD362AB3CB0}
	EndGlobalSection
EndGlobal
